{
  "name": "reward-sniper",
  "version": "1.0.0",
  "lockfileVersion": 3,
  "requires": true,
  "packages": {
    "": {
      "name": "reward-sniper",
      "version": "1.0.0",
      "dependencies": {
        "@ctf26/participant-ticket": "file:../../packages/participant-ticket"
      },
      "engines": {
        "node": ">=20"
      }
    },
    "../../packages/participant-ticket": {
      "name": "@ctf26/participant-ticket",
      "version": "1.0.0",
      "engines": {
        "node": ">=20"
      }
    },
    "node_modules/@ctf26/participant-ticket": {
      "resolved": "../../packages/participant-ticket",
      "link": true
    }
  }
}
